
Microsoft Visual Studio Solution File, Format Version 12.00
# Visual Studio 14
VisualStudioVersion = 14.0.25420.1
MinimumVisualStudioVersion = 10.0.40219.1
Project("{FAE04EC0-301F-11D3-BF4B-00C04F79EFBC}") = "License.Logger", "Src\License.Logger\License.Logger.csproj", "{50961CDC-C21F-43EA-9F6F-AB74A7A8E547}"
EndProject
Project("{FAE04EC0-301F-11D3-BF4B-00C04F79EFBC}") = "License.Model", "src\License.Model\License.Model.csproj", "{E4B922B6-6723-4E85-9522-C9EB666FD620}"
EndProject
Project("{FAE04EC0-301F-11D3-BF4B-00C04F79EFBC}") = "License.Core", "src\License.Core\License.Core.csproj", "{F491DFB2-2C8B-4D4E-B797-36109917DD78}"
EndProject
Project("{FAE04EC0-301F-11D3-BF4B-00C04F79EFBC}") = "License.Logic", "src\License.Logic\License.Logic.csproj", "{2B6303E7-4F04-4538-83CB-5F3AB977A626}"
EndProject
Project("{FAE04EC0-301F-11D3-BF4B-00C04F79EFBC}") = "License.MetCalWeb.Tests", "src\License.MetCalWeb.Tests\License.MetCalWeb.Tests.csproj", "{1ED08BE7-861A-4878-8F96-62C7648BDC9B}"
EndProject
Project("{FAE04EC0-301F-11D3-BF4B-00C04F79EFBC}") = "License.WebAPIService", "Src\License.WebAPIService\License.WebAPIService.csproj", "{D04A6F28-1D63-4743-B427-9BA3A2AE4C0C}"
EndProject
Project("{FAE04EC0-301F-11D3-BF4B-00C04F79EFBC}") = "License.MetCalWeb", "WebApplication1\License.MetCalWeb.csproj", "{987570CA-0B5D-49C2-A5A0-DC5D91BF84EF}"
EndProject
Global
	GlobalSection(SolutionConfigurationPlatforms) = preSolution
		Debug|Any CPU = Debug|Any CPU
		Debug|x64 = Debug|x64
		Debug|x86 = Debug|x86
		Release|Any CPU = Release|Any CPU
		Release|x64 = Release|x64
		Release|x86 = Release|x86
	EndGlobalSection
	GlobalSection(ProjectConfigurationPlatforms) = postSolution
		{50961CDC-C21F-43EA-9F6F-AB74A7A8E547}.Debug|Any CPU.ActiveCfg = Debug|Any CPU
		{50961CDC-C21F-43EA-9F6F-AB74A7A8E547}.Debug|Any CPU.Build.0 = Debug|Any CPU
		{50961CDC-C21F-43EA-9F6F-AB74A7A8E547}.Debug|x64.ActiveCfg = Debug|x64
		{50961CDC-C21F-43EA-9F6F-AB74A7A8E547}.Debug|x64.Build.0 = Debug|x64
		{50961CDC-C21F-43EA-9F6F-AB74A7A8E547}.Debug|x86.ActiveCfg = Debug|x86
		{50961CDC-C21F-43EA-9F6F-AB74A7A8E547}.Debug|x86.Build.0 = Debug|x86
		{50961CDC-C21F-43EA-9F6F-AB74A7A8E547}.Release|Any CPU.ActiveCfg = Release|Any CPU
		{50961CDC-C21F-43EA-9F6F-AB74A7A8E547}.Release|Any CPU.Build.0 = Release|Any CPU
		{50961CDC-C21F-43EA-9F6F-AB74A7A8E547}.Release|x64.ActiveCfg = Release|x64
		{50961CDC-C21F-43EA-9F6F-AB74A7A8E547}.Release|x64.Build.0 = Release|x64
		{50961CDC-C21F-43EA-9F6F-AB74A7A8E547}.Release|x86.ActiveCfg = Release|x86
		{50961CDC-C21F-43EA-9F6F-AB74A7A8E547}.Release|x86.Build.0 = Release|x86
		{E4B922B6-6723-4E85-9522-C9EB666FD620}.Debug|Any CPU.ActiveCfg = Debug|Any CPU
		{E4B922B6-6723-4E85-9522-C9EB666FD620}.Debug|Any CPU.Build.0 = Debug|Any CPU
		{E4B922B6-6723-4E85-9522-C9EB666FD620}.Debug|x64.ActiveCfg = Debug|x64
		{E4B922B6-6723-4E85-9522-C9EB666FD620}.Debug|x64.Build.0 = Debug|x64
		{E4B922B6-6723-4E85-9522-C9EB666FD620}.Debug|x86.ActiveCfg = Debug|x86
		{E4B922B6-6723-4E85-9522-C9EB666FD620}.Debug|x86.Build.0 = Debug|x86
		{E4B922B6-6723-4E85-9522-C9EB666FD620}.Release|Any CPU.ActiveCfg = Release|Any CPU
		{E4B922B6-6723-4E85-9522-C9EB666FD620}.Release|Any CPU.Build.0 = Release|Any CPU
		{E4B922B6-6723-4E85-9522-C9EB666FD620}.Release|x64.ActiveCfg = Release|x64
		{E4B922B6-6723-4E85-9522-C9EB666FD620}.Release|x64.Build.0 = Release|x64
		{E4B922B6-6723-4E85-9522-C9EB666FD620}.Release|x86.ActiveCfg = Release|x86
		{E4B922B6-6723-4E85-9522-C9EB666FD620}.Release|x86.Build.0 = Release|x86
		{F491DFB2-2C8B-4D4E-B797-36109917DD78}.Debug|Any CPU.ActiveCfg = Debug|Any CPU
		{F491DFB2-2C8B-4D4E-B797-36109917DD78}.Debug|Any CPU.Build.0 = Debug|Any CPU
		{F491DFB2-2C8B-4D4E-B797-36109917DD78}.Debug|x64.ActiveCfg = Debug|x64
		{F491DFB2-2C8B-4D4E-B797-36109917DD78}.Debug|x64.Build.0 = Debug|x64
		{F491DFB2-2C8B-4D4E-B797-36109917DD78}.Debug|x86.ActiveCfg = Debug|x86
		{F491DFB2-2C8B-4D4E-B797-36109917DD78}.Debug|x86.Build.0 = Debug|x86
		{F491DFB2-2C8B-4D4E-B797-36109917DD78}.Release|Any CPU.ActiveCfg = Release|Any CPU
		{F491DFB2-2C8B-4D4E-B797-36109917DD78}.Release|Any CPU.Build.0 = Release|Any CPU
		{F491DFB2-2C8B-4D4E-B797-36109917DD78}.Release|x64.ActiveCfg = Release|x64
		{F491DFB2-2C8B-4D4E-B797-36109917DD78}.Release|x64.Build.0 = Release|x64
		{F491DFB2-2C8B-4D4E-B797-36109917DD78}.Release|x86.ActiveCfg = Release|x86
		{F491DFB2-2C8B-4D4E-B797-36109917DD78}.Release|x86.Build.0 = Release|x86
		{2B6303E7-4F04-4538-83CB-5F3AB977A626}.Debug|Any CPU.ActiveCfg = Debug|Any CPU
		{2B6303E7-4F04-4538-83CB-5F3AB977A626}.Debug|Any CPU.Build.0 = Debug|Any CPU
		{2B6303E7-4F04-4538-83CB-5F3AB977A626}.Debug|x64.ActiveCfg = Debug|x64
		{2B6303E7-4F04-4538-83CB-5F3AB977A626}.Debug|x64.Build.0 = Debug|x64
		{2B6303E7-4F04-4538-83CB-5F3AB977A626}.Debug|x86.ActiveCfg = Debug|x86
		{2B6303E7-4F04-4538-83CB-5F3AB977A626}.Debug|x86.Build.0 = Debug|x86
		{2B6303E7-4F04-4538-83CB-5F3AB977A626}.Release|Any CPU.ActiveCfg = Release|Any CPU
		{2B6303E7-4F04-4538-83CB-5F3AB977A626}.Release|Any CPU.Build.0 = Release|Any CPU
		{2B6303E7-4F04-4538-83CB-5F3AB977A626}.Release|x64.ActiveCfg = Release|x64
		{2B6303E7-4F04-4538-83CB-5F3AB977A626}.Release|x64.Build.0 = Release|x64
		{2B6303E7-4F04-4538-83CB-5F3AB977A626}.Release|x86.ActiveCfg = Release|x86
		{2B6303E7-4F04-4538-83CB-5F3AB977A626}.Release|x86.Build.0 = Release|x86
		{1ED08BE7-861A-4878-8F96-62C7648BDC9B}.Debug|Any CPU.ActiveCfg = Debug|Any CPU
		{1ED08BE7-861A-4878-8F96-62C7648BDC9B}.Debug|Any CPU.Build.0 = Debug|Any CPU
		{1ED08BE7-861A-4878-8F96-62C7648BDC9B}.Debug|x64.ActiveCfg = Debug|x64
		{1ED08BE7-861A-4878-8F96-62C7648BDC9B}.Debug|x64.Build.0 = Debug|x64
		{1ED08BE7-861A-4878-8F96-62C7648BDC9B}.Debug|x86.ActiveCfg = Debug|x86
		{1ED08BE7-861A-4878-8F96-62C7648BDC9B}.Debug|x86.Build.0 = Debug|x86
		{1ED08BE7-861A-4878-8F96-62C7648BDC9B}.Release|Any CPU.ActiveCfg = Release|Any CPU
		{1ED08BE7-861A-4878-8F96-62C7648BDC9B}.Release|Any CPU.Build.0 = Release|Any CPU
		{1ED08BE7-861A-4878-8F96-62C7648BDC9B}.Release|x64.ActiveCfg = Release|x64
		{1ED08BE7-861A-4878-8F96-62C7648BDC9B}.Release|x64.Build.0 = Release|x64
		{1ED08BE7-861A-4878-8F96-62C7648BDC9B}.Release|x86.ActiveCfg = Release|x86
		{1ED08BE7-861A-4878-8F96-62C7648BDC9B}.Release|x86.Build.0 = Release|x86
		{D04A6F28-1D63-4743-B427-9BA3A2AE4C0C}.Debug|Any CPU.ActiveCfg = Debug|Any CPU
		{D04A6F28-1D63-4743-B427-9BA3A2AE4C0C}.Debug|Any CPU.Build.0 = Debug|Any CPU
		{D04A6F28-1D63-4743-B427-9BA3A2AE4C0C}.Debug|x64.ActiveCfg = Debug|x64
		{D04A6F28-1D63-4743-B427-9BA3A2AE4C0C}.Debug|x64.Build.0 = Debug|x64
		{D04A6F28-1D63-4743-B427-9BA3A2AE4C0C}.Debug|x86.ActiveCfg = Debug|x86
		{D04A6F28-1D63-4743-B427-9BA3A2AE4C0C}.Debug|x86.Build.0 = Debug|x86
		{D04A6F28-1D63-4743-B427-9BA3A2AE4C0C}.Release|Any CPU.ActiveCfg = Release|Any CPU
		{D04A6F28-1D63-4743-B427-9BA3A2AE4C0C}.Release|Any CPU.Build.0 = Release|Any CPU
		{D04A6F28-1D63-4743-B427-9BA3A2AE4C0C}.Release|x64.ActiveCfg = Release|x64
		{D04A6F28-1D63-4743-B427-9BA3A2AE4C0C}.Release|x64.Build.0 = Release|x64
		{D04A6F28-1D63-4743-B427-9BA3A2AE4C0C}.Release|x86.ActiveCfg = Release|x86
		{D04A6F28-1D63-4743-B427-9BA3A2AE4C0C}.Release|x86.Build.0 = Release|x86
		{987570CA-0B5D-49C2-A5A0-DC5D91BF84EF}.Debug|Any CPU.ActiveCfg = Debug|Any CPU
		{987570CA-0B5D-49C2-A5A0-DC5D91BF84EF}.Debug|Any CPU.Build.0 = Debug|Any CPU
		{987570CA-0B5D-49C2-A5A0-DC5D91BF84EF}.Debug|x64.ActiveCfg = Debug|Any CPU
		{987570CA-0B5D-49C2-A5A0-DC5D91BF84EF}.Debug|x64.Build.0 = Debug|Any CPU
		{987570CA-0B5D-49C2-A5A0-DC5D91BF84EF}.Debug|x86.ActiveCfg = Debug|Any CPU
		{987570CA-0B5D-49C2-A5A0-DC5D91BF84EF}.Debug|x86.Build.0 = Debug|Any CPU
		{987570CA-0B5D-49C2-A5A0-DC5D91BF84EF}.Release|Any CPU.ActiveCfg = Release|Any CPU
		{987570CA-0B5D-49C2-A5A0-DC5D91BF84EF}.Release|Any CPU.Build.0 = Release|Any CPU
		{987570CA-0B5D-49C2-A5A0-DC5D91BF84EF}.Release|x64.ActiveCfg = Release|Any CPU
		{987570CA-0B5D-49C2-A5A0-DC5D91BF84EF}.Release|x64.Build.0 = Release|Any CPU
		{987570CA-0B5D-49C2-A5A0-DC5D91BF84EF}.Release|x86.ActiveCfg = Release|Any CPU
		{987570CA-0B5D-49C2-A5A0-DC5D91BF84EF}.Release|x86.Build.0 = Release|Any CPU
	EndGlobalSection
	GlobalSection(SolutionProperties) = preSolution
		HideSolutionNode = FALSE
	EndGlobalSection
EndGlobal
